PODS:
  - SDWebImage (5.11.1):
    - SDWebImage/Core (= 5.11.1)
  - SDWebImage/Core (5.11.1)
  - SDWebImageSwiftUI (2.0.2):
    - SDWebImage

DEPENDENCIES:
  - SDWebImage (from `PodBuilder/Prebuilt/SDWebImage`)
  - SDWebImageSwiftUI (from `PodBuilder/Prebuilt/SDWebImageSwiftUI`)

EXTERNAL SOURCES:
  SDWebImage:
    :path: PodBuilder/Prebuilt/SDWebImage
  SDWebImageSwiftUI:
    :path: PodBuilder/Prebuilt/SDWebImageSwiftUI

SPEC CHECKSUMS:
  SDWebImage: 938163ad14a2efe0ff093f2265198cf69f3290de
  SDWebImageSwiftUI: 207bcd233efba321da765ab0db15f1dcd59ce60c

PODFILE CHECKSUM: 4c26266c680797ed8ea7072fdfbb835d29b748c9

COCOAPODS: 1.10.2
